# This file is autogenerated, do not edit; changes may be undone by the next 'dep ensure'.


[[projects]]
  branch = "master"
  name = "code.cloudfoundry.org/buildpackapplifecycle"
  packages = [
    "containerpath",
    "credhub"
  ]
  revision = "2e7286a8f8c9d1dafe3446b44d52a82995f90e3e"

[[projects]]
  branch = "master"
  name = "code.cloudfoundry.org/goshims"
  packages = ["osshim"]
  revision = "c5a4de397e368568b6a60dc89e64a2dc35343280"

[[projects]]
  name = "github.com/cloudfoundry-incubator/credhub-cli"
  packages = [
    "credhub",
    "credhub/auth",
    "credhub/auth/uaa",
    "credhub/credentials",
    "credhub/credentials/generate",
    "credhub/credentials/values",
    "credhub/permissions",
    "credhub/server",
    "errors"
  ]
  revision = "e5b8252dd0cf8cf767b194974fa67e37016bdcea"
  version = "1.7.0"

[[projects]]
  name = "github.com/cloudfoundry/socks5-proxy"
  packages = ["."]
  revision = "a5dbd34501d246ab6c004c9afebb5bd0dd9d7d22"

[[projects]]
  branch = "master"
  name = "github.com/genevievelesperance/go-socks5"
  packages = ["."]
  revision = "54f73bdb8a8e85a6611d3d29ab9bbf98c2a060d7"

[[projects]]
  branch = "master"
  name = "github.com/hashicorp/go-version"
  packages = ["."]
  revision = "4fe82ae3040f80a03d04d2cccb5606a626b8e1ee"

[[projects]]
  branch = "master"
  name = "golang.org/x/crypto"
  packages = [
    "curve25519",
    "ed25519",
    "ed25519/internal/edwards25519",
    "internal/chacha20",
    "poly1305",
    "ssh"
  ]
  revision = "b4956d363a8b14623cc81db401707679605930a3"

[[projects]]
  branch = "master"
  name = "golang.org/x/net"
  packages = [
    "context",
    "proxy"
  ]
  revision = "e0c57d8f86c17f0724497efcb3bc617e82834821"

[solve-meta]
  analyzer-name = "dep"
  analyzer-version = 1
  inputs-digest = "f5d931492cbcc31552361a53533525088fd0e72667b2f7203b8e95fbe9ac6d20"
  solver-name = "gps-cdcl"
  solver-version = 1
